
Microsoft Visual Studio Solution File, Format Version 12.00
# Visual Studio 15
VisualStudioVersion = 15.0.26730.16
MinimumVisualStudioVersion = 10.0.40219.1
Project("{FAE04EC0-301F-11D3-BF4B-00C04F79EFBC}") = "CommunityTest", "ConsoleApp4\CommunityTest.csproj", "{73F66962-B621-4F18-946B-372E9BE6C378}"
EndProject
Project("{FAE04EC0-301F-11D3-BF4B-00C04F79EFBC}") = "Community", "ClassLibrary1\Community.csproj", "{D09FA99C-3439-4A8F-A6F5-10C436E0161E}"
EndProject
Global
	GlobalSection(SolutionConfigurationPlatforms) = preSolution
		Debug|Any CPU = Debug|Any CPU
		Release|Any CPU = Release|Any CPU
	EndGlobalSection
	GlobalSection(ProjectConfigurationPlatforms) = postSolution
		{73F66962-B621-4F18-946B-372E9BE6C378}.Debug|Any CPU.ActiveCfg = Debug|Any CPU
		{73F66962-B621-4F18-946B-372E9BE6C378}.Debug|Any CPU.Build.0 = Debug|Any CPU
		{73F66962-B621-4F18-946B-372E9BE6C378}.Release|Any CPU.ActiveCfg = Release|Any CPU
		{73F66962-B621-4F18-946B-372E9BE6C378}.Release|Any CPU.Build.0 = Release|Any CPU
		{D09FA99C-3439-4A8F-A6F5-10C436E0161E}.Debug|Any CPU.ActiveCfg = Debug|Any CPU
		{D09FA99C-3439-4A8F-A6F5-10C436E0161E}.Debug|Any CPU.Build.0 = Debug|Any CPU
		{D09FA99C-3439-4A8F-A6F5-10C436E0161E}.Release|Any CPU.ActiveCfg = Release|Any CPU
		{D09FA99C-3439-4A8F-A6F5-10C436E0161E}.Release|Any CPU.Build.0 = Release|Any CPU
	EndGlobalSection
	GlobalSection(SolutionProperties) = preSolution
		HideSolutionNode = FALSE
	EndGlobalSection
	GlobalSection(ExtensibilityGlobals) = postSolution
		SolutionGuid = {89C58968-9EA9-423B-8885-1413F230DB71}
	EndGlobalSection
EndGlobal
